
Microsoft Visual Studio Solution File, Format Version 12.00
# Visual Studio 15
VisualStudioVersion = 15.0.28307.168
MinimumVisualStudioVersion = 10.0.40219.1
Project("{FAE04EC0-301F-11D3-BF4B-00C04F79EFBC}") = "Periodicals", "Periodicals\Periodicals.csproj", "{72B70463-38BC-40AD-9E81-504064DB26DB}"
EndProject
Project("{FAE04EC0-301F-11D3-BF4B-00C04F79EFBC}") = "Periodicals.DAL", "PeriodicalsLogic\Periodicals.DAL.csproj", "{0E972AFC-2BAE-492D-8F32-C31604B5C2EF}"
EndProject
Project("{FAE04EC0-301F-11D3-BF4B-00C04F79EFBC}") = "Periodical.BL", "Periodical.BL\Periodical.BL.csproj", "{D9E5748A-E00D-4514-9791-73A0ED6CF573}"
EndProject
Global
	GlobalSection(SolutionConfigurationPlatforms) = preSolution
		Debug|Any CPU = Debug|Any CPU
		Release|Any CPU = Release|Any CPU
	EndGlobalSection
	GlobalSection(ProjectConfigurationPlatforms) = postSolution
		{72B70463-38BC-40AD-9E81-504064DB26DB}.Debug|Any CPU.ActiveCfg = Debug|Any CPU
		{72B70463-38BC-40AD-9E81-504064DB26DB}.Debug|Any CPU.Build.0 = Debug|Any CPU
		{72B70463-38BC-40AD-9E81-504064DB26DB}.Release|Any CPU.ActiveCfg = Release|Any CPU
		{72B70463-38BC-40AD-9E81-504064DB26DB}.Release|Any CPU.Build.0 = Release|Any CPU
		{0E972AFC-2BAE-492D-8F32-C31604B5C2EF}.Debug|Any CPU.ActiveCfg = Debug|Any CPU
		{0E972AFC-2BAE-492D-8F32-C31604B5C2EF}.Debug|Any CPU.Build.0 = Debug|Any CPU
		{0E972AFC-2BAE-492D-8F32-C31604B5C2EF}.Release|Any CPU.ActiveCfg = Release|Any CPU
		{0E972AFC-2BAE-492D-8F32-C31604B5C2EF}.Release|Any CPU.Build.0 = Release|Any CPU
		{D9E5748A-E00D-4514-9791-73A0ED6CF573}.Debug|Any CPU.ActiveCfg = Debug|Any CPU
		{D9E5748A-E00D-4514-9791-73A0ED6CF573}.Debug|Any CPU.Build.0 = Debug|Any CPU
		{D9E5748A-E00D-4514-9791-73A0ED6CF573}.Release|Any CPU.ActiveCfg = Release|Any CPU
		{D9E5748A-E00D-4514-9791-73A0ED6CF573}.Release|Any CPU.Build.0 = Release|Any CPU
	EndGlobalSection
	GlobalSection(SolutionProperties) = preSolution
		HideSolutionNode = FALSE
	EndGlobalSection
	GlobalSection(ExtensibilityGlobals) = postSolution
		SolutionGuid = {F1B0E040-BD34-476A-9D90-BB86D6773980}
	EndGlobalSection
EndGlobal
